
Microsoft Visual Studio Solution File, Format Version 12.00
# Visual Studio Version 17
VisualStudioVersion = 17.1.32414.318
MinimumVisualStudioVersion = 10.0.40219.1
Project("{FAE04EC0-301F-11D3-BF4B-00C04F79EFBC}") = "WindowsFormsApp1", "WindowsFormsApp1\WindowsFormsApp1.csproj", "{4B28F0D3-D094-44F3-AA8F-3E741571021F}"
EndProject
Global
	GlobalSection(SolutionConfigurationPlatforms) = preSolution
		Debug|Any CPU = Debug|Any CPU
		Release|Any CPU = Release|Any CPU
	EndGlobalSection
	GlobalSection(ProjectConfigurationPlatforms) = postSolution
		{4B28F0D3-D094-44F3-AA8F-3E741571021F}.Debug|Any CPU.ActiveCfg = Debug|Any CPU
		{4B28F0D3-D094-44F3-AA8F-3E741571021F}.Debug|Any CPU.Build.0 = Debug|Any CPU
		{4B28F0D3-D094-44F3-AA8F-3E741571021F}.Release|Any CPU.ActiveCfg = Release|Any CPU
		{4B28F0D3-D094-44F3-AA8F-3E741571021F}.Release|Any CPU.Build.0 = Release|Any CPU
	EndGlobalSection
	GlobalSection(SolutionProperties) = preSolution
		HideSolutionNode = FALSE
	EndGlobalSection
	GlobalSection(ExtensibilityGlobals) = postSolution
		SolutionGuid = {668F5438-79E6-4AC1-B90E-7F52DB00BA50}
	EndGlobalSection
EndGlobal
